
Microsoft Visual Studio Solution File, Format Version 12.00
# Visual Studio 14
VisualStudioVersion = 14.0.23107.0
MinimumVisualStudioVersion = 10.0.40219.1
Project("{FAE04EC0-301F-11D3-BF4B-00C04F79EFBC}") = "Example", "Prototype\Example.csproj", "{0EE36C5C-B18D-4A79-8BE4-049D4B11F3B3}"
EndProject
Project("{FAE04EC0-301F-11D3-BF4B-00C04F79EFBC}") = "Models", "Models\Models.csproj", "{7897DBF9-86CC-4953-A874-54C35953AFCB}"
EndProject
Project("{FAE04EC0-301F-11D3-BF4B-00C04F79EFBC}") = "Framework", "Framework\Framework.csproj", "{37EBFD5C-7FD0-4FC7-83CD-8194B0911986}"
EndProject
Global
	GlobalSection(SolutionConfigurationPlatforms) = preSolution
		Debug|Any CPU = Debug|Any CPU
		Release|Any CPU = Release|Any CPU
	EndGlobalSection
	GlobalSection(ProjectConfigurationPlatforms) = postSolution
		{0EE36C5C-B18D-4A79-8BE4-049D4B11F3B3}.Debug|Any CPU.ActiveCfg = Debug|Any CPU
		{0EE36C5C-B18D-4A79-8BE4-049D4B11F3B3}.Debug|Any CPU.Build.0 = Debug|Any CPU
		{0EE36C5C-B18D-4A79-8BE4-049D4B11F3B3}.Release|Any CPU.ActiveCfg = Release|Any CPU
		{0EE36C5C-B18D-4A79-8BE4-049D4B11F3B3}.Release|Any CPU.Build.0 = Release|Any CPU
		{7897DBF9-86CC-4953-A874-54C35953AFCB}.Debug|Any CPU.ActiveCfg = Debug|Any CPU
		{7897DBF9-86CC-4953-A874-54C35953AFCB}.Debug|Any CPU.Build.0 = Debug|Any CPU
		{7897DBF9-86CC-4953-A874-54C35953AFCB}.Release|Any CPU.ActiveCfg = Release|Any CPU
		{7897DBF9-86CC-4953-A874-54C35953AFCB}.Release|Any CPU.Build.0 = Release|Any CPU
		{37EBFD5C-7FD0-4FC7-83CD-8194B0911986}.Debug|Any CPU.ActiveCfg = Debug|Any CPU
		{37EBFD5C-7FD0-4FC7-83CD-8194B0911986}.Debug|Any CPU.Build.0 = Debug|Any CPU
		{37EBFD5C-7FD0-4FC7-83CD-8194B0911986}.Release|Any CPU.ActiveCfg = Release|Any CPU
		{37EBFD5C-7FD0-4FC7-83CD-8194B0911986}.Release|Any CPU.Build.0 = Release|Any CPU
	EndGlobalSection
	GlobalSection(SolutionProperties) = preSolution
		HideSolutionNode = FALSE
	EndGlobalSection
EndGlobal
